// !$*UTF8*$!
{
	archiveVersion = 1;
	classes = {
	};
	objectVersion = 46;
	objects = {

/* Begin PBXBuildFile section */
		0C82FB4A1D34CD600035DA44 /* main.m in Sources */ = {isa = PBXBuildFile; fileRef = 0C82FB491D34CD600035DA44 /* main.m */; };
		0C82FB4D1D34CD600035DA44 /* AppDelegate.m in Sources */ = {isa = PBXBuildFile; fileRef = 0C82FB4C1D34CD600035DA44 /* AppDelegate.m */; };
		0C82FB501D34CD600035DA44 /* ViewController.m in Sources */ = {isa = PBXBuildFile; fileRef = 0C82FB4F1D34CD600035DA44 /* ViewController.m */; };
		0C82FB531D34CD600035DA44 /* Main.storyboard in Resources */ = {isa = PBXBuildFile; fileRef = 0C82FB511D34CD600035DA44 /* Main.storyboard */; };
		0C82FB551D34CD600035DA44 /* Assets.xcassets in Resources */ = {isa = PBXBuildFile; fileRef = 0C82FB541D34CD600035DA44 /* Assets.xcassets */; };
		0C82FB581D34CD600035DA44 /* LaunchScreen.storyboard in Resources */ = {isa = PBXBuildFile; fileRef = 0C82FB561D34CD600035DA44 /* LaunchScreen.storyboard */; };
		0C82FB611D34CE810035DA44 /* CitySelectedViewController.m in Sources */ = {isa = PBXBuildFile; fileRef = 0C82FB601D34CE810035DA44 /* CitySelectedViewController.m */; };
		0C82FB661D34CF360035DA44 /* CityCell.m in Sources */ = {isa = PBXBuildFile; fileRef = 0C82FB631D34CF360035DA44 /* CityCell.m */; };
		0C82FB671D34CF360035DA44 /* CurrentCityCell.m in Sources */ = {isa = PBXBuildFile; fileRef = 0C82FB651D34CF360035DA44 /* CurrentCityCell.m */; };
		0C82FB691D34D0520035DA44 /* EMcitydict_S.plist in Resources */ = {isa = PBXBuildFile; fileRef = 0C82FB681D34D0520035DA44 /* EMcitydict_S.plist */; };
/* End PBXBuildFile section */

/* Begin PBXFileReference section */
		0C82FB451D34CD600035DA44 /* CitySelectDemo.app */ = {isa = PBXFileReference; explicitFileType = wrapper.application; includeInIndex = 0; path = CitySelectDemo.app; sourceTree = BUILT_PRODUCTS_DIR; };
		0C82FB491D34CD600035DA44 /* main.m */ = {isa = PBXFileReference; lastKnownFileType = sourcecode.c.objc; path = main.m; sourceTree = "<group>"; };
		0C82FB4B1D34CD600035DA44 /* AppDelegate.h */ = {isa = PBXFileReference; lastKnownFileType = sourcecode.c.h; path = AppDelegate.h; sourceTree = "<group>"; };
		0C82FB4C1D34CD600035DA44 /* AppDelegate.m */ = {isa = PBXFileReference; lastKnownFileType = sourcecode.c.objc; path = AppDelegate.m; sourceTree = "<group>"; };
		0C82FB4E1D34CD600035DA44 /* ViewController.h */ = {isa = PBXFileReference; lastKnownFileType = sourcecode.c.h; path = ViewController.h; sourceTree = "<group>"; };
		0C82FB4F1D34CD600035DA44 /* ViewController.m */ = {isa = PBXFileReference; lastKnownFileType = sourcecode.c.objc; path = ViewController.m; sourceTree = "<group>"; };
		0C82FB521D34CD600035DA44 /* Base */ = {isa = PBXFileReference; lastKnownFileType = file.storyboard; name = Base; path = Base.lproj/Main.storyboard; sourceTree = "<group>"; };
		0C82FB541D34CD600035DA44 /* Assets.xcassets */ = {isa = PBXFileReference; lastKnownFileType = folder.assetcatalog; path = Assets.xcassets; sourceTree = "<group>"; };
		0C82FB571D34CD600035DA44 /* Base */ = {isa = PBXFileReference; lastKnownFileType = file.storyboard; name = Base; path = Base.lproj/LaunchScreen.storyboard; sourceTree = "<group>"; };
		0C82FB591D34CD600035DA44 /* Info.plist */ = {isa = PBXFileReference; lastKnownFileType = text.plist.xml; path = Info.plist; sourceTree = "<group>"; };
		0C82FB5F1D34CE810035DA44 /* CitySelectedViewController.h */ = {isa = PBXFileReference; fileEncoding = 4; lastKnownFileType = sourcecode.c.h; path = CitySelectedViewController.h; sourceTree = "<group>"; };
		0C82FB601D34CE810035DA44 /* CitySelectedViewController.m */ = {isa = PBXFileReference; fileEncoding = 4; lastKnownFileType = sourcecode.c.objc; path = CitySelectedViewController.m; sourceTree = "<group>"; };
		0C82FB621D34CF360035DA44 /* CityCell.h */ = {isa = PBXFileReference; fileEncoding = 4; lastKnownFileType = sourcecode.c.h; path = CityCell.h; sourceTree = "<group>"; };
		0C82FB631D34CF360035DA44 /* CityCell.m */ = {isa = PBXFileReference; fileEncoding = 4; lastKnownFileType = sourcecode.c.objc; path = CityCell.m; sourceTree = "<group>"; };
		0C82FB641D34CF360035DA44 /* CurrentCityCell.h */ = {isa = PBXFileReference; fileEncoding = 4; lastKnownFileType = sourcecode.c.h; path = CurrentCityCell.h; sourceTree = "<group>"; };
		0C82FB651D34CF360035DA44 /* CurrentCityCell.m */ = {isa = PBXFileReference; fileEncoding = 4; lastKnownFileType = sourcecode.c.objc; path = CurrentCityCell.m; sourceTree = "<group>"; };
		0C82FB681D34D0520035DA44 /* EMcitydict_S.plist */ = {isa = PBXFileReference; fileEncoding = 4; lastKnownFileType = text.plist.xml; path = EMcitydict_S.plist; sourceTree = "<group>"; };
/* End PBXFileReference section */

/* Begin PBXFrameworksBuildPhase section */
		0C82FB421D34CD600035DA44 /* Frameworks */ = {
			isa = PBXFrameworksBuildPhase;
			buildActionMask = 2147483647;
			files = (
			);
			runOnlyForDeploymentPostprocessing = 0;
		};
/* End PBXFrameworksBuildPhase section */

/* Begin PBXGroup section */
		0C82FB3C1D34CD600035DA44 = {
			isa = PBXGroup;
			children = (
				0C82FB471D34CD600035DA44 /* CitySelectDemo */,
				0C82FB461D34CD600035DA44 /* Products */,
			);
			sourceTree = "<group>";
		};
		0C82FB461D34CD600035DA44 /* Products */ = {
			isa = PBXGroup;
			children = (
				0C82FB451D34CD600035DA44 /* CitySelectDemo.app */,
			);
			name = Products;
			sourceTree = "<group>";
		};
		0C82FB471D34CD600035DA44 /* CitySelectDemo */ = {
			isa = PBXGroup;
			children = (
				0C82FB6A1D34D6810035DA44 /* CitySelect */,
				0C82FB4B1D34CD600035DA44 /* AppDelegate.h */,
				0C82FB4C1D34CD600035DA44 /* AppDelegate.m */,
				0C82FB4E1D34CD600035DA44 /* ViewController.h */,
				0C82FB4F1D34CD600035DA44 /* ViewController.m */,
				0C82FB681D34D0520035DA44 /* EMcitydict_S.plist */,
				0C82FB511D34CD600035DA44 /* Main.storyboard */,
				0C82FB541D34CD600035DA44 /* Assets.xcassets */,
				0C82FB561D34CD600035DA44 /* LaunchScreen.storyboard */,
				0C82FB591D34CD600035DA44 /* Info.plist */,
				0C82FB481D34CD600035DA44 /* Supporting Files */,
			);
			path = CitySelectDemo;
			sourceTree = "<group>";
		};
		0C82FB481D34CD600035DA44 /* Supporting Files */ = {
			isa = PBXGroup;
			children = (
				0C82FB491D34CD600035DA44 /* main.m */,
			);
			name = "Supporting Files";
			sourceTree = "<group>";
		};
		0C82FB6A1D34D6810035DA44 /* CitySelect */ = {
			isa = PBXGroup;
			children = (
				0C82FB5F1D34CE810035DA44 /* CitySelectedViewController.h */,
				0C82FB601D34CE810035DA44 /* CitySelectedViewController.m */,
				0C82FB621D34CF360035DA44 /* CityCell.h */,
				0C82FB631D34CF360035DA44 /* CityCell.m */,
				0C82FB641D34CF360035DA44 /* CurrentCityCell.h */,
				0C82FB651D34CF360035DA44 /* CurrentCityCell.m */,
			);
			name = CitySelect;
			sourceTree = "<group>";
		};
/* End PBXGroup section */

/* Begin PBXNativeTarget section */
		0C82FB441D34CD600035DA44 /* CitySelectDemo */ = {
			isa = PBXNativeTarget;
			buildConfigurationList = 0C82FB5C1D34CD600035DA44 /* Build configuration list for PBXNativeTarget "CitySelectDemo" */;
			buildPhases = (
				0C82FB411D34CD600035DA44 /* Sources */,
				0C82FB421D34CD600035DA44 /* Frameworks */,
				0C82FB431D34CD600035DA44 /* Resources */,
			);
			buildRules = (
			);
			dependencies = (
			);
			name = CitySelectDemo;
			productName = CitySelectDemo;
			productReference = 0C82FB451D34CD600035DA44 /* CitySelectDemo.app */;
			productType = "com.apple.product-type.application";
		};
/* End PBXNativeTarget section */

/* Begin PBXProject section */
		0C82FB3D1D34CD600035DA44 /* Project object */ = {
			isa = PBXProject;
			attributes = {
				LastUpgradeCheck = 0730;
				ORGANIZATIONNAME = zhangjiahuan;
				TargetAttributes = {
					0C82FB441D34CD600035DA44 = {
						CreatedOnToolsVersion = 7.3.1;
					};
				};
			};
			buildConfigurationList = 0C82FB401D34CD600035DA44 /* Build configuration list for PBXProject "CitySelectDemo" */;
			compatibilityVersion = "Xcode 3.2";
			developmentRegion = English;
			hasScannedForEncodings = 0;
			knownRegions = (
				en,
				Base,
			);
			mainGroup = 0C82FB3C1D34CD600035DA44;
			productRefGroup = 0C82FB461D34CD600035DA44 /* Products */;
			projectDirPath = "";
			projectRoot = "";
			targets = (
				0C82FB441D34CD600035DA44 /* CitySelectDemo */,
			);
		};
/* End PBXProject section */

/* Begin PBXResourcesBuildPhase section */
		0C82FB431D34CD600035DA44 /* Resources */ = {
			isa = PBXResourcesBuildPhase;
			buildActionMask = 2147483647;
			files = (
				0C82FB581D34CD600035DA44 /* LaunchScreen.storyboard in Resources */,
				0C82FB691D34D0520035DA44 /* EMcitydict_S.plist in Resources */,
				0C82FB551D34CD600035DA44 /* Assets.xcassets in Resources */,
				0C82FB531D34CD600035DA44 /* Main.storyboard in Resources */,
			);
			runOnlyForDeploymentPostprocessing = 0;
		};
/* End PBXResourcesBuildPhase section */

/* Begin PBXSourcesBuildPhase section */
		0C82FB411D34CD600035DA44 /* Sources */ = {
			isa = PBXSourcesBuildPhase;
			buildActionMask = 2147483647;
			files = (
				0C82FB671D34CF360035DA44 /* CurrentCityCell.m in Sources */,
				0C82FB611D34CE810035DA44 /* CitySelectedViewController.m in Sources */,
				0C82FB661D34CF360035DA44 /* CityCell.m in Sources */,
				0C82FB501D34CD600035DA44 /* ViewController.m in Sources */,
				0C82FB4D1D34CD600035DA44 /* AppDelegate.m in Sources */,
				0C82FB4A1D34CD600035DA44 /* main.m in Sources */,
			);
			runOnlyForDeploymentPostprocessing = 0;
		};
/* End PBXSourcesBuildPhase section */

/* Begin PBXVariantGroup section */
		0C82FB511D34CD600035DA44 /* Main.storyboard */ = {
			isa = PBXVariantGroup;
			children = (
				0C82FB521D34CD600035DA44 /* Base */,
			);
			name = Main.storyboard;
			sourceTree = "<group>";
		};
		0C82FB561D34CD600035DA44 /* LaunchScreen.storyboard */ = {
			isa = PBXVariantGroup;
			children = (
				0C82FB571D34CD600035DA44 /* Base */,
			);
			name = LaunchScreen.storyboard;
			sourceTree = "<group>";
		};
/* End PBXVariantGroup section */

/* Begin XCBuildConfiguration section */
		0C82FB5A1D34CD600035DA44 /* Debug */ = {
			isa = XCBuildConfiguration;
			buildSettings = {
				ALWAYS_SEARCH_USER_PATHS = NO;
				CLANG_ANALYZER_NONNULL = YES;
				CLANG_CXX_LANGUAGE_STANDARD = "gnu++0x";
				CLANG_CXX_LIBRARY = "libc++";
				CLANG_ENABLE_MODULES = YES;
				CLANG_ENABLE_OBJC_ARC = YES;
				CLANG_WARN_BOOL_CONVERSION = YES;
				CLANG_WARN_CONSTANT_CONVERSION = YES;
				CLANG_WARN_DIRECT_OBJC_ISA_USAGE = YES_ERROR;
				CLANG_WARN_EMPTY_BODY = YES;
				CLANG_WARN_ENUM_CONVERSION = YES;
				CLANG_WARN_INT_CONVERSION = YES;
				CLANG_WARN_OBJC_ROOT_CLASS = YES_ERROR;
				CLANG_WARN_UNREACHABLE_CODE = YES;
				CLANG_WARN__DUPLICATE_METHOD_MATCH = YES;
				"CODE_SIGN_IDENTITY[sdk=iphoneos*]" = "iPhone Developer";
				COPY_PHASE_STRIP = NO;
				DEBUG_INFORMATION_FORMAT = dwarf;
				ENABLE_STRICT_OBJC_MSGSEND = YES;
				ENABLE_TESTABILITY = YES;
				GCC_C_LANGUAGE_STANDARD = gnu99;
				GCC_DYNAMIC_NO_PIC = NO;
				GCC_NO_COMMON_BLOCKS = YES;
				GCC_OPTIMIZATION_LEVEL = 0;
				GCC_PREPROCESSOR_DEFINITIONS = (
					"DEBUG=1",
					"$(inherited)",
				);
				GCC_WARN_64_TO_32_BIT_CONVERSION = YES;
				GCC_WARN_ABOUT_RETURN_TYPE = YES_ERROR;
				GCC_WARN_UNDECLARED_SELECTOR = YES;
				GCC_WARN_UNINITIALIZED_AUTOS = YES_AGGRESSIVE;
				GCC_WARN_UNUSED_FUNCTION = YES;
				GCC_WARN_UNUSED_VARIABLE = YES;
				IPHONEOS_DEPLOYMENT_TARGET = 9.3;
				MTL_ENABLE_DEBUG_INFO = YES;
				ONLY_ACTIVE_ARCH = YES;
				SDKROOT = iphoneos;
			};
			name = Debug;
		};
		0C82FB5B1D34CD600035DA44 /* Release */ = {
			isa = XCBuildConfiguration;
			buildSettings = {
				ALWAYS_SEARCH_USER_PATHS = NO;
				CLANG_ANALYZER_NONNULL = YES;
				CLANG_CXX_LANGUAGE_STANDARD = "gnu++0x";
				CLANG_CXX_LIBRARY = "libc++";
				CLANG_ENABLE_MODULES = YES;
				CLANG_ENABLE_OBJC_ARC = YES;
				CLANG_WARN_BOOL_CONVERSION = YES;
				CLANG_WARN_CONSTANT_CONVERSION = YES;
				CLANG_WARN_DIRECT_OBJC_ISA_USAGE = YES_ERROR;
				CLANG_WARN_EMPTY_BODY = YES;
				CLANG_WARN_ENUM_CONVERSION = YES;
				CLANG_WARN_INT_CONVERSION = YES;
				CLANG_WARN_OBJC_ROOT_CLASS = YES_ERROR;
				CLANG_WARN_UNREACHABLE_CODE = YES;
				CLANG_WARN__DUPLICATE_METHOD_MATCH = YES;
				"CODE_SIGN_IDENTITY[sdk=iphoneos*]" = "iPhone Developer";
				COPY_PHASE_STRIP = NO;
				DEBUG_INFORMATION_FORMAT = "dwarf-with-dsym";
				ENABLE_NS_ASSERTIONS = NO;
				ENABLE_STRICT_OBJC_MSGSEND = YES;
				GCC_C_LANGUAGE_STANDARD = gnu99;
				GCC_NO_COMMON_BLOCKS = YES;
				GCC_WARN_64_TO_32_BIT_CONVERSION = YES;
				GCC_WARN_ABOUT_RETURN_TYPE = YES_ERROR;
				GCC_WARN_UNDECLARED_SELECTOR = YES;
				GCC_WARN_UNINITIALIZED_AUTOS = YES_AGGRESSIVE;
				GCC_WARN_UNUSED_FUNCTION = YES;
				GCC_WARN_UNUSED_VARIABLE = YES;
				IPHONEOS_DEPLOYMENT_TARGET = 9.3;
				MTL_ENABLE_DEBUG_INFO = NO;
				SDKROOT = iphoneos;
				VALIDATE_PRODUCT = YES;
			};
			name = Release;
		};
		0C82FB5D1D34CD600035DA44 /* Debug */ = {
			isa = XCBuildConfiguration;
			buildSettings = {
				ASSETCATALOG_COMPILER_APPICON_NAME = AppIcon;
				INFOPLIST_FILE = CitySelectDemo/Info.plist;
				IPHONEOS_DEPLOYMENT_TARGET = 8.0;
				LD_RUNPATH_SEARCH_PATHS = "$(inherited) @executable_path/Frameworks";
				PRODUCT_BUNDLE_IDENTIFIER = com.zhangjiahuan.CitySelectDemo;
				PRODUCT_NAME = "$(TARGET_NAME)";
			};
			name = Debug;
		};
		0C82FB5E1D34CD600035DA44 /* Release */ = {
			isa = XCBuildConfiguration;
			buildSettings = {
				ASSETCATALOG_COMPILER_APPICON_NAME = AppIcon;
				INFOPLIST_FILE = CitySelectDemo/Info.plist;
				IPHONEOS_DEPLOYMENT_TARGET = 8.0;
				LD_RUNPATH_SEARCH_PATHS = "$(inherited) @executable_path/Frameworks";
				PRODUCT_BUNDLE_IDENTIFIER = com.zhangjiahuan.CitySelectDemo;
				PRODUCT_NAME = "$(TARGET_NAME)";
			};
			name = Release;
		};
/* End XCBuildConfiguration section */

/* Begin XCConfigurationList section */
		0C82FB401D34CD600035DA44 /* Build configuration list for PBXProject "CitySelectDemo" */ = {
			isa = XCConfigurationList;
			buildConfigurations = (
				0C82FB5A1D34CD600035DA44 /* Debug */,
				0C82FB5B1D34CD600035DA44 /* Release */,
			);
			defaultConfigurationIsVisible = 0;
			defaultConfigurationName = Release;
		};
		0C82FB5C1D34CD600035DA44 /* Build configuration list for PBXNativeTarget "CitySelectDemo" */ = {
			isa = XCConfigurationList;
			buildConfigurations = (
				0C82FB5D1D34CD600035DA44 /* Debug */,
				0C82FB5E1D34CD600035DA44 /* Release */,
			);
			defaultConfigurationIsVisible = 0;
		};
/* End XCConfigurationList section */
	};
	rootObject = 0C82FB3D1D34CD600035DA44 /* Project object */;
}
